
Microsoft Visual Studio Solution File, Format Version 12.00
# Visual Studio Version 16
VisualStudioVersion = 16.0.30804.86
MinimumVisualStudioVersion = 10.0.40219.1
Project("{FAE04EC0-301F-11D3-BF4B-00C04F79EFBC}") = "BookStore 2.0", "BookStore 2.0\BookStore 2.0.csproj", "{A9091252-120B-4C0E-B3C8-D09A6A2C07CF}"
EndProject
Global
	GlobalSection(SolutionConfigurationPlatforms) = preSolution
		Debug|Any CPU = Debug|Any CPU
		Release|Any CPU = Release|Any CPU
	EndGlobalSection
	GlobalSection(ProjectConfigurationPlatforms) = postSolution
		{A9091252-120B-4C0E-B3C8-D09A6A2C07CF}.Debug|Any CPU.ActiveCfg = Debug|Any CPU
		{A9091252-120B-4C0E-B3C8-D09A6A2C07CF}.Debug|Any CPU.Build.0 = Debug|Any CPU
		{A9091252-120B-4C0E-B3C8-D09A6A2C07CF}.Release|Any CPU.ActiveCfg = Release|Any CPU
		{A9091252-120B-4C0E-B3C8-D09A6A2C07CF}.Release|Any CPU.Build.0 = Release|Any CPU
	EndGlobalSection
	GlobalSection(SolutionProperties) = preSolution
		HideSolutionNode = FALSE
	EndGlobalSection
	GlobalSection(ExtensibilityGlobals) = postSolution
		SolutionGuid = {94C96D92-DD2B-4BBA-81FE-A6B8871A5446}
	EndGlobalSection
EndGlobal
